
Microsoft Visual Studio Solution File, Format Version 12.00
# Visual Studio Version 16
VisualStudioVersion = 16.0.28712.43
MinimumVisualStudioVersion = 10.0.40219.1
Project("{9A19103F-16F7-4668-BE54-9A1E7A4F7556}") = "owned-types", "owned-types\owned-types.csproj", "{575719D0-5006-4BB1-83F1-012B300B7616}"
EndProject
Project("{9A19103F-16F7-4668-BE54-9A1E7A4F7556}") = "context-pooling", "context-pooling\context-pooling.csproj", "{1621A3F4-2660-4784-A978-BA23A0F0DCC8}"
EndProject
Project("{9A19103F-16F7-4668-BE54-9A1E7A4F7556}") = "query-filters", "query-filters\query-filters.csproj", "{20E69E2D-4197-489F-AE52-CEAE673E636B}"
EndProject
Project("{9A19103F-16F7-4668-BE54-9A1E7A4F7556}") = "data-seeding", "data-seeding\data-seeding.csproj", "{E4D436A7-4510-42EE-A7AA-978FDB73A28A}"
EndProject
Project("{9A19103F-16F7-4668-BE54-9A1E7A4F7556}") = "value-converters", "value-converters\value-converters.csproj", "{62424B7A-046C-4342-B8BD-3532B6E4BE10}"
EndProject
Project("{9A19103F-16F7-4668-BE54-9A1E7A4F7556}") = "lazy-loading", "lazy-loading\lazy-loading.csproj", "{AC774BDF-BB4A-440F-8055-135C7CB6C2C3}"
EndProject
Project("{9A19103F-16F7-4668-BE54-9A1E7A4F7556}") = "query-types", "query-types\query-types.csproj", "{36A6FD32-8D6F-4718-931F-132BA6ED64A6}"
EndProject
Project("{9A19103F-16F7-4668-BE54-9A1E7A4F7556}") = "like", "like\like.csproj", "{0A649545-B735-4F83-9B39-DEFA5FFC6A78}"
EndProject
Project("{9A19103F-16F7-4668-BE54-9A1E7A4F7556}") = "analyzers", "analyzers\analyzers.csproj", "{7344892D-464D-4221-BAF1-B0317D81DA03}"
EndProject
Project("{9A19103F-16F7-4668-BE54-9A1E7A4F7556}") = "compiled-queries", "compiled-queries\compiled-queries.csproj", "{8F5F20C3-BB6C-4C74-8BC5-F7AEA2CD2E48}"
EndProject
Project("{9A19103F-16F7-4668-BE54-9A1E7A4F7556}") = "db-functions", "db-functions\db-functions.csproj", "{2E35A680-2C69-45BB-A73C-6AE727BA5CFA}"
EndProject
Project("{9A19103F-16F7-4668-BE54-9A1E7A4F7556}") = "ef-101", "ef-101\ef-101.csproj", "{9E8CCAA5-AD14-427F-B325-9CBC8C504970}"
EndProject
Project("{9A19103F-16F7-4668-BE54-9A1E7A4F7556}") = "flexible-mapping", "flexible-mapping\flexible-mapping.csproj", "{BCD1F4F1-0CFE-4143-9804-178768A5DB65}"
EndProject
Project("{9A19103F-16F7-4668-BE54-9A1E7A4F7556}") = "string-interpolation", "string-interpolation\string-interpolation.csproj", "{07137A59-DCD2-48F1-86BB-3C9E5EDCF3CA}"
EndProject
Project("{2150E333-8FDC-42A3-9474-1A3956D46DE8}") = "2.0", "2.0", "{A389331A-71BA-46DF-B714-74411FC1109E}"
EndProject
Project("{2150E333-8FDC-42A3-9474-1A3956D46DE8}") = "2.1", "2.1", "{B6CFBC53-7E6A-4F60-9ABD-9CE5040CDBF6}"
EndProject
Project("{2150E333-8FDC-42A3-9474-1A3956D46DE8}") = "2.2", "2.2", "{5D209ECD-82BD-4C7D-BC73-AC532D0D5B07}"
EndProject
Project("{2150E333-8FDC-42A3-9474-1A3956D46DE8}") = "1.0", "1.0", "{28053E21-52E4-4D32-83E5-C252AC496499}"
EndProject
Project("{9A19103F-16F7-4668-BE54-9A1E7A4F7556}") = "cosmos-db", "cosmos-db\cosmos-db.csproj", "{9D583A71-3C75-4C80-A151-E22EA042E89E}"
EndProject
Project("{9A19103F-16F7-4668-BE54-9A1E7A4F7556}") = "spatial", "spatial\spatial.csproj", "{8D123EB7-B67F-4A0B-8968-79EEB0569FB8}"
EndProject
Project("{2150E333-8FDC-42A3-9474-1A3956D46DE8}") = "3.0", "3.0", "{1856E08F-ADC9-43C6-BA42-5B9D6164C070}"
EndProject
Project("{9A19103F-16F7-4668-BE54-9A1E7A4F7556}") = "NQueries", "NQueries\NQueries.csproj", "{B4023E12-AD1C-48BB-9696-361640A3E894}"
EndProject
Project("{9A19103F-16F7-4668-BE54-9A1E7A4F7556}") = "MultiFeatureDemo", "MultiFeatureDemo\MultiFeatureDemo.csproj", "{BDBE5C6F-5EED-4A5E-873D-0265B6D653BF}"
EndProject
Global
	GlobalSection(SolutionConfigurationPlatforms) = preSolution
		Debug|Any CPU = Debug|Any CPU
		Release|Any CPU = Release|Any CPU
	EndGlobalSection
	GlobalSection(ProjectConfigurationPlatforms) = postSolution
		{575719D0-5006-4BB1-83F1-012B300B7616}.Debug|Any CPU.ActiveCfg = Debug|Any CPU
		{575719D0-5006-4BB1-83F1-012B300B7616}.Debug|Any CPU.Build.0 = Debug|Any CPU
		{575719D0-5006-4BB1-83F1-012B300B7616}.Release|Any CPU.ActiveCfg = Release|Any CPU
		{575719D0-5006-4BB1-83F1-012B300B7616}.Release|Any CPU.Build.0 = Release|Any CPU
		{1621A3F4-2660-4784-A978-BA23A0F0DCC8}.Debug|Any CPU.ActiveCfg = Debug|Any CPU
		{1621A3F4-2660-4784-A978-BA23A0F0DCC8}.Debug|Any CPU.Build.0 = Debug|Any CPU
		{1621A3F4-2660-4784-A978-BA23A0F0DCC8}.Release|Any CPU.ActiveCfg = Release|Any CPU
		{1621A3F4-2660-4784-A978-BA23A0F0DCC8}.Release|Any CPU.Build.0 = Release|Any CPU
		{20E69E2D-4197-489F-AE52-CEAE673E636B}.Debug|Any CPU.ActiveCfg = Debug|Any CPU
		{20E69E2D-4197-489F-AE52-CEAE673E636B}.Debug|Any CPU.Build.0 = Debug|Any CPU
		{20E69E2D-4197-489F-AE52-CEAE673E636B}.Release|Any CPU.ActiveCfg = Release|Any CPU
		{20E69E2D-4197-489F-AE52-CEAE673E636B}.Release|Any CPU.Build.0 = Release|Any CPU
		{E4D436A7-4510-42EE-A7AA-978FDB73A28A}.Debug|Any CPU.ActiveCfg = Debug|Any CPU
		{E4D436A7-4510-42EE-A7AA-978FDB73A28A}.Debug|Any CPU.Build.0 = Debug|Any CPU
		{E4D436A7-4510-42EE-A7AA-978FDB73A28A}.Release|Any CPU.ActiveCfg = Release|Any CPU
		{E4D436A7-4510-42EE-A7AA-978FDB73A28A}.Release|Any CPU.Build.0 = Release|Any CPU
		{62424B7A-046C-4342-B8BD-3532B6E4BE10}.Debug|Any CPU.ActiveCfg = Debug|Any CPU
		{62424B7A-046C-4342-B8BD-3532B6E4BE10}.Debug|Any CPU.Build.0 = Debug|Any CPU
		{62424B7A-046C-4342-B8BD-3532B6E4BE10}.Release|Any CPU.ActiveCfg = Release|Any CPU
		{62424B7A-046C-4342-B8BD-3532B6E4BE10}.Release|Any CPU.Build.0 = Release|Any CPU
		{AC774BDF-BB4A-440F-8055-135C7CB6C2C3}.Debug|Any CPU.ActiveCfg = Debug|Any CPU
		{AC774BDF-BB4A-440F-8055-135C7CB6C2C3}.Debug|Any CPU.Build.0 = Debug|Any CPU
		{AC774BDF-BB4A-440F-8055-135C7CB6C2C3}.Release|Any CPU.ActiveCfg = Release|Any CPU
		{AC774BDF-BB4A-440F-8055-135C7CB6C2C3}.Release|Any CPU.Build.0 = Release|Any CPU
		{36A6FD32-8D6F-4718-931F-132BA6ED64A6}.Debug|Any CPU.ActiveCfg = Debug|Any CPU
		{36A6FD32-8D6F-4718-931F-132BA6ED64A6}.Debug|Any CPU.Build.0 = Debug|Any CPU
		{36A6FD32-8D6F-4718-931F-132BA6ED64A6}.Release|Any CPU.ActiveCfg = Release|Any CPU
		{36A6FD32-8D6F-4718-931F-132BA6ED64A6}.Release|Any CPU.Build.0 = Release|Any CPU
		{0A649545-B735-4F83-9B39-DEFA5FFC6A78}.Debug|Any CPU.ActiveCfg = Debug|Any CPU
		{0A649545-B735-4F83-9B39-DEFA5FFC6A78}.Debug|Any CPU.Build.0 = Debug|Any CPU
		{0A649545-B735-4F83-9B39-DEFA5FFC6A78}.Release|Any CPU.ActiveCfg = Release|Any CPU
		{0A649545-B735-4F83-9B39-DEFA5FFC6A78}.Release|Any CPU.Build.0 = Release|Any CPU
		{7344892D-464D-4221-BAF1-B0317D81DA03}.Debug|Any CPU.ActiveCfg = Debug|Any CPU
		{7344892D-464D-4221-BAF1-B0317D81DA03}.Debug|Any CPU.Build.0 = Debug|Any CPU
		{7344892D-464D-4221-BAF1-B0317D81DA03}.Release|Any CPU.ActiveCfg = Release|Any CPU
		{7344892D-464D-4221-BAF1-B0317D81DA03}.Release|Any CPU.Build.0 = Release|Any CPU
		{8F5F20C3-BB6C-4C74-8BC5-F7AEA2CD2E48}.Debug|Any CPU.ActiveCfg = Debug|Any CPU
		{8F5F20C3-BB6C-4C74-8BC5-F7AEA2CD2E48}.Debug|Any CPU.Build.0 = Debug|Any CPU
		{8F5F20C3-BB6C-4C74-8BC5-F7AEA2CD2E48}.Release|Any CPU.ActiveCfg = Release|Any CPU
		{8F5F20C3-BB6C-4C74-8BC5-F7AEA2CD2E48}.Release|Any CPU.Build.0 = Release|Any CPU
		{2E35A680-2C69-45BB-A73C-6AE727BA5CFA}.Debug|Any CPU.ActiveCfg = Debug|Any CPU
		{2E35A680-2C69-45BB-A73C-6AE727BA5CFA}.Debug|Any CPU.Build.0 = Debug|Any CPU
		{2E35A680-2C69-45BB-A73C-6AE727BA5CFA}.Release|Any CPU.ActiveCfg = Release|Any CPU
		{2E35A680-2C69-45BB-A73C-6AE727BA5CFA}.Release|Any CPU.Build.0 = Release|Any CPU
		{9E8CCAA5-AD14-427F-B325-9CBC8C504970}.Debug|Any CPU.ActiveCfg = Debug|Any CPU
		{9E8CCAA5-AD14-427F-B325-9CBC8C504970}.Debug|Any CPU.Build.0 = Debug|Any CPU
		{9E8CCAA5-AD14-427F-B325-9CBC8C504970}.Release|Any CPU.ActiveCfg = Release|Any CPU
		{9E8CCAA5-AD14-427F-B325-9CBC8C504970}.Release|Any CPU.Build.0 = Release|Any CPU
		{BCD1F4F1-0CFE-4143-9804-178768A5DB65}.Debug|Any CPU.ActiveCfg = Debug|Any CPU
		{BCD1F4F1-0CFE-4143-9804-178768A5DB65}.Debug|Any CPU.Build.0 = Debug|Any CPU
		{BCD1F4F1-0CFE-4143-9804-178768A5DB65}.Release|Any CPU.ActiveCfg = Release|Any CPU
		{BCD1F4F1-0CFE-4143-9804-178768A5DB65}.Release|Any CPU.Build.0 = Release|Any CPU
		{07137A59-DCD2-48F1-86BB-3C9E5EDCF3CA}.Debug|Any CPU.ActiveCfg = Debug|Any CPU
		{07137A59-DCD2-48F1-86BB-3C9E5EDCF3CA}.Debug|Any CPU.Build.0 = Debug|Any CPU
		{07137A59-DCD2-48F1-86BB-3C9E5EDCF3CA}.Release|Any CPU.ActiveCfg = Release|Any CPU
		{07137A59-DCD2-48F1-86BB-3C9E5EDCF3CA}.Release|Any CPU.Build.0 = Release|Any CPU
		{9D583A71-3C75-4C80-A151-E22EA042E89E}.Debug|Any CPU.ActiveCfg = Debug|Any CPU
		{9D583A71-3C75-4C80-A151-E22EA042E89E}.Debug|Any CPU.Build.0 = Debug|Any CPU
		{9D583A71-3C75-4C80-A151-E22EA042E89E}.Release|Any CPU.ActiveCfg = Release|Any CPU
		{9D583A71-3C75-4C80-A151-E22EA042E89E}.Release|Any CPU.Build.0 = Release|Any CPU
		{8D123EB7-B67F-4A0B-8968-79EEB0569FB8}.Debug|Any CPU.ActiveCfg = Debug|Any CPU
		{8D123EB7-B67F-4A0B-8968-79EEB0569FB8}.Debug|Any CPU.Build.0 = Debug|Any CPU
		{8D123EB7-B67F-4A0B-8968-79EEB0569FB8}.Release|Any CPU.ActiveCfg = Release|Any CPU
		{8D123EB7-B67F-4A0B-8968-79EEB0569FB8}.Release|Any CPU.Build.0 = Release|Any CPU
		{B4023E12-AD1C-48BB-9696-361640A3E894}.Debug|Any CPU.ActiveCfg = Debug|Any CPU
		{B4023E12-AD1C-48BB-9696-361640A3E894}.Debug|Any CPU.Build.0 = Debug|Any CPU
		{B4023E12-AD1C-48BB-9696-361640A3E894}.Release|Any CPU.ActiveCfg = Release|Any CPU
		{B4023E12-AD1C-48BB-9696-361640A3E894}.Release|Any CPU.Build.0 = Release|Any CPU
		{BDBE5C6F-5EED-4A5E-873D-0265B6D653BF}.Debug|Any CPU.ActiveCfg = Debug|Any CPU
		{BDBE5C6F-5EED-4A5E-873D-0265B6D653BF}.Debug|Any CPU.Build.0 = Debug|Any CPU
		{BDBE5C6F-5EED-4A5E-873D-0265B6D653BF}.Release|Any CPU.ActiveCfg = Release|Any CPU
		{BDBE5C6F-5EED-4A5E-873D-0265B6D653BF}.Release|Any CPU.Build.0 = Release|Any CPU
	EndGlobalSection
	GlobalSection(SolutionProperties) = preSolution
		HideSolutionNode = FALSE
	EndGlobalSection
	GlobalSection(NestedProjects) = preSolution
		{575719D0-5006-4BB1-83F1-012B300B7616} = {A389331A-71BA-46DF-B714-74411FC1109E}
		{1621A3F4-2660-4784-A978-BA23A0F0DCC8} = {A389331A-71BA-46DF-B714-74411FC1109E}
		{20E69E2D-4197-489F-AE52-CEAE673E636B} = {A389331A-71BA-46DF-B714-74411FC1109E}
		{E4D436A7-4510-42EE-A7AA-978FDB73A28A} = {B6CFBC53-7E6A-4F60-9ABD-9CE5040CDBF6}
		{62424B7A-046C-4342-B8BD-3532B6E4BE10} = {B6CFBC53-7E6A-4F60-9ABD-9CE5040CDBF6}
		{AC774BDF-BB4A-440F-8055-135C7CB6C2C3} = {B6CFBC53-7E6A-4F60-9ABD-9CE5040CDBF6}
		{36A6FD32-8D6F-4718-931F-132BA6ED64A6} = {B6CFBC53-7E6A-4F60-9ABD-9CE5040CDBF6}
		{0A649545-B735-4F83-9B39-DEFA5FFC6A78} = {A389331A-71BA-46DF-B714-74411FC1109E}
		{7344892D-464D-4221-BAF1-B0317D81DA03} = {B6CFBC53-7E6A-4F60-9ABD-9CE5040CDBF6}
		{8F5F20C3-BB6C-4C74-8BC5-F7AEA2CD2E48} = {A389331A-71BA-46DF-B714-74411FC1109E}
		{2E35A680-2C69-45BB-A73C-6AE727BA5CFA} = {A389331A-71BA-46DF-B714-74411FC1109E}
		{9E8CCAA5-AD14-427F-B325-9CBC8C504970} = {28053E21-52E4-4D32-83E5-C252AC496499}
		{BCD1F4F1-0CFE-4143-9804-178768A5DB65} = {A389331A-71BA-46DF-B714-74411FC1109E}
		{07137A59-DCD2-48F1-86BB-3C9E5EDCF3CA} = {A389331A-71BA-46DF-B714-74411FC1109E}
		{9D583A71-3C75-4C80-A151-E22EA042E89E} = {5D209ECD-82BD-4C7D-BC73-AC532D0D5B07}
		{8D123EB7-B67F-4A0B-8968-79EEB0569FB8} = {5D209ECD-82BD-4C7D-BC73-AC532D0D5B07}
		{B4023E12-AD1C-48BB-9696-361640A3E894} = {1856E08F-ADC9-43C6-BA42-5B9D6164C070}
		{BDBE5C6F-5EED-4A5E-873D-0265B6D653BF} = {1856E08F-ADC9-43C6-BA42-5B9D6164C070}
	EndGlobalSection
	GlobalSection(ExtensibilityGlobals) = postSolution
		SolutionGuid = {A9010E81-C655-4C1E-B047-577BE62649AA}
	EndGlobalSection
EndGlobal
